
Microsoft Visual Studio Solution File, Format Version 12.00
# Visual Studio Version 16
VisualStudioVersion = 25.0.1700.4
MinimumVisualStudioVersion = 10.0.40219.1
Project("{FAE04EC0-301F-11D3-BF4B-00C04F79EFBC}") = "Variables", "Variables\Variables.csproj", "{793D8E79-7072-440F-AE90-1BB9920FBCC0}"
EndProject
Global
	GlobalSection(SolutionConfigurationPlatforms) = preSolution
		Debug|Any CPU = Debug|Any CPU
		Release|Any CPU = Release|Any CPU
	EndGlobalSection
	GlobalSection(ProjectConfigurationPlatforms) = postSolution
		{793D8E79-7072-440F-AE90-1BB9920FBCC0}.Debug|Any CPU.ActiveCfg = Debug|Any CPU
		{793D8E79-7072-440F-AE90-1BB9920FBCC0}.Debug|Any CPU.Build.0 = Debug|Any CPU
		{793D8E79-7072-440F-AE90-1BB9920FBCC0}.Release|Any CPU.ActiveCfg = Release|Any CPU
		{793D8E79-7072-440F-AE90-1BB9920FBCC0}.Release|Any CPU.Build.0 = Release|Any CPU
	EndGlobalSection
	GlobalSection(SolutionProperties) = preSolution
		HideSolutionNode = FALSE
	EndGlobalSection
	GlobalSection(ExtensibilityGlobals) = postSolution
		SolutionGuid = {D9285EFF-C4FA-4F60-BC68-7B53CE220B68}
	EndGlobalSection
EndGlobal
